
Microsoft Visual Studio Solution File, Format Version 12.00
# Visual Studio 15
Project("{FAE04EC0-301F-11D3-BF4B-00C04F79EFBC}") = "konoha", "konoha.csproj", "{89466CCF-3649-4588-8CE2-C4373F489754}"
EndProject
Global
	GlobalSection(SolutionConfigurationPlatforms) = preSolution
		Debug|Any CPU = Debug|Any CPU
		Release|Any CPU = Release|Any CPU
	EndGlobalSection
	GlobalSection(ProjectConfigurationPlatforms) = postSolution
		{89466CCF-3649-4588-8CE2-C4373F489754}.Debug|Any CPU.ActiveCfg = Debug|Any CPU
		{89466CCF-3649-4588-8CE2-C4373F489754}.Debug|Any CPU.Build.0 = Debug|Any CPU
		{89466CCF-3649-4588-8CE2-C4373F489754}.Release|Any CPU.ActiveCfg = Release|Any CPU
		{89466CCF-3649-4588-8CE2-C4373F489754}.Release|Any CPU.Build.0 = Release|Any CPU
	EndGlobalSection
EndGlobal
