
Microsoft Visual Studio Solution File, Format Version 12.00
# Visual Studio 15
Project("{FAE04EC0-301F-11D3-BF4B-00C04F79EFBC}") = "konoha", "konoha.csproj", "{A28FF82D-DD7D-487B-8058-4A7621C23BD5}"
EndProject
Global
	GlobalSection(SolutionConfigurationPlatforms) = preSolution
		Debug|Any CPU = Debug|Any CPU
		Release|Any CPU = Release|Any CPU
	EndGlobalSection
	GlobalSection(ProjectConfigurationPlatforms) = postSolution
		{A28FF82D-DD7D-487B-8058-4A7621C23BD5}.Debug|Any CPU.ActiveCfg = Debug|Any CPU
		{A28FF82D-DD7D-487B-8058-4A7621C23BD5}.Debug|Any CPU.Build.0 = Debug|Any CPU
		{A28FF82D-DD7D-487B-8058-4A7621C23BD5}.Release|Any CPU.ActiveCfg = Release|Any CPU
		{A28FF82D-DD7D-487B-8058-4A7621C23BD5}.Release|Any CPU.Build.0 = Release|Any CPU
	EndGlobalSection
EndGlobal
